
Microsoft Visual Studio Solution File, Format Version 12.00
# Visual Studio Version 17
VisualStudioVersion = 17.8.34408.163
MinimumVisualStudioVersion = 10.0.40219.1
Project("{2150E333-8FDC-42A3-9474-1A3956D46DE8}") = "Public", "Public", "{1F5E34B6-5667-4BE3-8491-E8FD8E6892E3}"
EndProject
Project("{2150E333-8FDC-42A3-9474-1A3956D46DE8}") = "Private", "Private", "{137D5E6B-3357-4A58-9D76-6DC1A23A87E1}"
EndProject
Project("{9A19103F-16F7-4668-BE54-9A1E7A4F7556}") = "Public.Frontend", "Public.Frontend\Public.Frontend.csproj", "{111F5335-76CB-436A-903E-DB8F40785F45}"
EndProject
Project("{9A19103F-16F7-4668-BE54-9A1E7A4F7556}") = "Private.Agent", "Private.Agent\Private.Agent.csproj", "{BF539FAC-31CE-4322-9BC3-773445103EA4}"
EndProject
Project("{2150E333-8FDC-42A3-9474-1A3956D46DE8}") = "Tests", "Tests", "{58ED08F8-2C39-49B8-9AF7-93B887F7C0BD}"
EndProject
Project("{9A19103F-16F7-4668-BE54-9A1E7A4F7556}") = "Public.Tests", "Public.Tests\Public.Tests.csproj", "{E1E5DA2E-618B-496C-BB18-383957C81D84}"
EndProject
Project("{9A19103F-16F7-4668-BE54-9A1E7A4F7556}") = "Private.Web", "Private.Web\Private.Web.csproj", "{CC396A03-E053-4699-BB9F-6BD4D2060194}"
EndProject
Project("{9A19103F-16F7-4668-BE54-9A1E7A4F7556}") = "Private.Agent.Net", "Private.Agent.Net\Private.Agent.Net.csproj", "{7A016F34-55B5-47F9-8848-4F11CB8DE10D}"
EndProject
Project("{9A19103F-16F7-4668-BE54-9A1E7A4F7556}") = "Public.Frontend.Net", "Public.Frontend.Net\Public.Frontend.Net.csproj", "{2FD47740-2221-485F-89A8-CFB305891C89}"
EndProject
Project("{9A19103F-16F7-4668-BE54-9A1E7A4F7556}") = "Public.Tests.ConsoleRunner", "Public.Tests.ConsoleRunner\Public.Tests.ConsoleRunner.csproj", "{E1A117C0-1D62-4EFD-B906-7BB85D2F4A79}"
EndProject
Project("{9A19103F-16F7-4668-BE54-9A1E7A4F7556}") = "Yarp.ReverseProxy", "ReverseProxy\Yarp.ReverseProxy.csproj", "{62494215-37A3-4FAA-9B79-433232B0FF7F}"
EndProject
Project("{E53339B2-1760-4266-BCC7-CA923CBCF16C}") = "docker-compose", "docker-compose.dcproj", "{463100FE-081F-469C-8B5D-B56409079D41}"
EndProject
Project("{9A19103F-16F7-4668-BE54-9A1E7A4F7556}") = "Public.Web", "Public.Web\Public.Web.csproj", "{E3FE9550-6470-4E3D-8D1B-2C914DF3E684}"
EndProject
Project("{2150E333-8FDC-42A3-9474-1A3956D46DE8}") = "Agents", "Agents", "{C077A7A8-AC42-49B7-AF35-BB6C139FB4B5}"
EndProject
Project("{2150E333-8FDC-42A3-9474-1A3956D46DE8}") = "Alpha", "Alpha", "{D0A3FB31-8E99-46E2-9EA7-5247735B656F}"
EndProject
Project("{2150E333-8FDC-42A3-9474-1A3956D46DE8}") = "Beta", "Beta", "{187801B0-0762-4666-9530-6B68C1FB757A}"
EndProject
Project("{2150E333-8FDC-42A3-9474-1A3956D46DE8}") = "Charlie", "Charlie", "{ABE00854-003B-4918-A97D-D71B92817DC4}"
EndProject
Project("{FAE04EC0-301F-11D3-BF4B-00C04F79EFBC}") = "Private.Agent.Alpha", "..\Private.Agent.Alpha\Private.Agent.Alpha.csproj", "{62B62692-E6FD-48BA-9032-F76922E1676C}"
EndProject
Project("{FAE04EC0-301F-11D3-BF4B-00C04F79EFBC}") = "Private.Agent.Beta", "..\Private.Agent.Beta\Private.Agent.Beta.csproj", "{13995913-8C21-40F9-8EF7-976680F509D6}"
EndProject
Project("{FAE04EC0-301F-11D3-BF4B-00C04F79EFBC}") = "Private.Agent.Charlie", "..\Private.Agent.Charlie\Private.Agent.Charlie.csproj", "{921001F8-ACF5-4C12-8606-5329D12AC2BD}"
EndProject
Global
	GlobalSection(SolutionConfigurationPlatforms) = preSolution
		Debug|Any CPU = Debug|Any CPU
		Release|Any CPU = Release|Any CPU
	EndGlobalSection
	GlobalSection(ProjectConfigurationPlatforms) = postSolution
		{111F5335-76CB-436A-903E-DB8F40785F45}.Debug|Any CPU.ActiveCfg = Debug|Any CPU
		{111F5335-76CB-436A-903E-DB8F40785F45}.Debug|Any CPU.Build.0 = Debug|Any CPU
		{111F5335-76CB-436A-903E-DB8F40785F45}.Release|Any CPU.ActiveCfg = Release|Any CPU
		{111F5335-76CB-436A-903E-DB8F40785F45}.Release|Any CPU.Build.0 = Release|Any CPU
		{BF539FAC-31CE-4322-9BC3-773445103EA4}.Debug|Any CPU.ActiveCfg = Debug|Any CPU
		{BF539FAC-31CE-4322-9BC3-773445103EA4}.Debug|Any CPU.Build.0 = Debug|Any CPU
		{BF539FAC-31CE-4322-9BC3-773445103EA4}.Release|Any CPU.ActiveCfg = Release|Any CPU
		{BF539FAC-31CE-4322-9BC3-773445103EA4}.Release|Any CPU.Build.0 = Release|Any CPU
		{E1E5DA2E-618B-496C-BB18-383957C81D84}.Debug|Any CPU.ActiveCfg = Debug|Any CPU
		{E1E5DA2E-618B-496C-BB18-383957C81D84}.Debug|Any CPU.Build.0 = Debug|Any CPU
		{E1E5DA2E-618B-496C-BB18-383957C81D84}.Release|Any CPU.ActiveCfg = Release|Any CPU
		{E1E5DA2E-618B-496C-BB18-383957C81D84}.Release|Any CPU.Build.0 = Release|Any CPU
		{CC396A03-E053-4699-BB9F-6BD4D2060194}.Debug|Any CPU.ActiveCfg = Debug|Any CPU
		{CC396A03-E053-4699-BB9F-6BD4D2060194}.Debug|Any CPU.Build.0 = Debug|Any CPU
		{CC396A03-E053-4699-BB9F-6BD4D2060194}.Release|Any CPU.ActiveCfg = Release|Any CPU
		{CC396A03-E053-4699-BB9F-6BD4D2060194}.Release|Any CPU.Build.0 = Release|Any CPU
		{7A016F34-55B5-47F9-8848-4F11CB8DE10D}.Debug|Any CPU.ActiveCfg = Debug|Any CPU
		{7A016F34-55B5-47F9-8848-4F11CB8DE10D}.Debug|Any CPU.Build.0 = Debug|Any CPU
		{7A016F34-55B5-47F9-8848-4F11CB8DE10D}.Release|Any CPU.ActiveCfg = Release|Any CPU
		{7A016F34-55B5-47F9-8848-4F11CB8DE10D}.Release|Any CPU.Build.0 = Release|Any CPU
		{2FD47740-2221-485F-89A8-CFB305891C89}.Debug|Any CPU.ActiveCfg = Debug|Any CPU
		{2FD47740-2221-485F-89A8-CFB305891C89}.Debug|Any CPU.Build.0 = Debug|Any CPU
		{2FD47740-2221-485F-89A8-CFB305891C89}.Release|Any CPU.ActiveCfg = Release|Any CPU
		{2FD47740-2221-485F-89A8-CFB305891C89}.Release|Any CPU.Build.0 = Release|Any CPU
		{E1A117C0-1D62-4EFD-B906-7BB85D2F4A79}.Debug|Any CPU.ActiveCfg = Debug|Any CPU
		{E1A117C0-1D62-4EFD-B906-7BB85D2F4A79}.Debug|Any CPU.Build.0 = Debug|Any CPU
		{E1A117C0-1D62-4EFD-B906-7BB85D2F4A79}.Release|Any CPU.ActiveCfg = Release|Any CPU
		{E1A117C0-1D62-4EFD-B906-7BB85D2F4A79}.Release|Any CPU.Build.0 = Release|Any CPU
		{62494215-37A3-4FAA-9B79-433232B0FF7F}.Debug|Any CPU.ActiveCfg = Debug|Any CPU
		{62494215-37A3-4FAA-9B79-433232B0FF7F}.Debug|Any CPU.Build.0 = Debug|Any CPU
		{62494215-37A3-4FAA-9B79-433232B0FF7F}.Release|Any CPU.ActiveCfg = Release|Any CPU
		{62494215-37A3-4FAA-9B79-433232B0FF7F}.Release|Any CPU.Build.0 = Release|Any CPU
		{463100FE-081F-469C-8B5D-B56409079D41}.Debug|Any CPU.ActiveCfg = Debug|Any CPU
		{463100FE-081F-469C-8B5D-B56409079D41}.Debug|Any CPU.Build.0 = Debug|Any CPU
		{463100FE-081F-469C-8B5D-B56409079D41}.Release|Any CPU.ActiveCfg = Release|Any CPU
		{463100FE-081F-469C-8B5D-B56409079D41}.Release|Any CPU.Build.0 = Release|Any CPU
		{E3FE9550-6470-4E3D-8D1B-2C914DF3E684}.Debug|Any CPU.ActiveCfg = Debug|Any CPU
		{E3FE9550-6470-4E3D-8D1B-2C914DF3E684}.Debug|Any CPU.Build.0 = Debug|Any CPU
		{E3FE9550-6470-4E3D-8D1B-2C914DF3E684}.Release|Any CPU.ActiveCfg = Release|Any CPU
		{E3FE9550-6470-4E3D-8D1B-2C914DF3E684}.Release|Any CPU.Build.0 = Release|Any CPU
		{62B62692-E6FD-48BA-9032-F76922E1676C}.Debug|Any CPU.ActiveCfg = Debug|Any CPU
		{62B62692-E6FD-48BA-9032-F76922E1676C}.Debug|Any CPU.Build.0 = Debug|Any CPU
		{62B62692-E6FD-48BA-9032-F76922E1676C}.Release|Any CPU.ActiveCfg = Release|Any CPU
		{62B62692-E6FD-48BA-9032-F76922E1676C}.Release|Any CPU.Build.0 = Release|Any CPU
		{13995913-8C21-40F9-8EF7-976680F509D6}.Debug|Any CPU.ActiveCfg = Debug|Any CPU
		{13995913-8C21-40F9-8EF7-976680F509D6}.Debug|Any CPU.Build.0 = Debug|Any CPU
		{13995913-8C21-40F9-8EF7-976680F509D6}.Release|Any CPU.ActiveCfg = Release|Any CPU
		{13995913-8C21-40F9-8EF7-976680F509D6}.Release|Any CPU.Build.0 = Release|Any CPU
		{921001F8-ACF5-4C12-8606-5329D12AC2BD}.Debug|Any CPU.ActiveCfg = Debug|Any CPU
		{921001F8-ACF5-4C12-8606-5329D12AC2BD}.Debug|Any CPU.Build.0 = Debug|Any CPU
		{921001F8-ACF5-4C12-8606-5329D12AC2BD}.Release|Any CPU.ActiveCfg = Release|Any CPU
		{921001F8-ACF5-4C12-8606-5329D12AC2BD}.Release|Any CPU.Build.0 = Release|Any CPU
	EndGlobalSection
	GlobalSection(SolutionProperties) = preSolution
		HideSolutionNode = FALSE
	EndGlobalSection
	GlobalSection(NestedProjects) = preSolution
		{111F5335-76CB-436A-903E-DB8F40785F45} = {1F5E34B6-5667-4BE3-8491-E8FD8E6892E3}
		{BF539FAC-31CE-4322-9BC3-773445103EA4} = {137D5E6B-3357-4A58-9D76-6DC1A23A87E1}
		{58ED08F8-2C39-49B8-9AF7-93B887F7C0BD} = {1F5E34B6-5667-4BE3-8491-E8FD8E6892E3}
		{E1E5DA2E-618B-496C-BB18-383957C81D84} = {58ED08F8-2C39-49B8-9AF7-93B887F7C0BD}
		{CC396A03-E053-4699-BB9F-6BD4D2060194} = {137D5E6B-3357-4A58-9D76-6DC1A23A87E1}
		{7A016F34-55B5-47F9-8848-4F11CB8DE10D} = {137D5E6B-3357-4A58-9D76-6DC1A23A87E1}
		{2FD47740-2221-485F-89A8-CFB305891C89} = {1F5E34B6-5667-4BE3-8491-E8FD8E6892E3}
		{E1A117C0-1D62-4EFD-B906-7BB85D2F4A79} = {58ED08F8-2C39-49B8-9AF7-93B887F7C0BD}
		{E3FE9550-6470-4E3D-8D1B-2C914DF3E684} = {1F5E34B6-5667-4BE3-8491-E8FD8E6892E3}
		{D0A3FB31-8E99-46E2-9EA7-5247735B656F} = {C077A7A8-AC42-49B7-AF35-BB6C139FB4B5}
		{187801B0-0762-4666-9530-6B68C1FB757A} = {C077A7A8-AC42-49B7-AF35-BB6C139FB4B5}
		{ABE00854-003B-4918-A97D-D71B92817DC4} = {C077A7A8-AC42-49B7-AF35-BB6C139FB4B5}
		{62B62692-E6FD-48BA-9032-F76922E1676C} = {D0A3FB31-8E99-46E2-9EA7-5247735B656F}
		{13995913-8C21-40F9-8EF7-976680F509D6} = {187801B0-0762-4666-9530-6B68C1FB757A}
		{921001F8-ACF5-4C12-8606-5329D12AC2BD} = {ABE00854-003B-4918-A97D-D71B92817DC4}
	EndGlobalSection
	GlobalSection(ExtensibilityGlobals) = postSolution
		SolutionGuid = {27C8CCE9-7D73-427B-AAD7-51AEBE5C481A}
	EndGlobalSection
EndGlobal
